
Microsoft Visual Studio Solution File, Format Version 12.00
# Visual Studio Version 16
VisualStudioVersion = 16.0.29905.134
MinimumVisualStudioVersion = 10.0.40219.1
Project("{FAE04EC0-301F-11D3-BF4B-00C04F79EFBC}") = "CalculationsOfTwoIntegers", "CalculationsOfTwoIntegers\CalculationsOfTwoIntegers.csproj", "{D45FD45B-F2BB-44F3-84EB-ECAF5F251820}"
EndProject
Global
	GlobalSection(SolutionConfigurationPlatforms) = preSolution
		Debug|Any CPU = Debug|Any CPU
		Release|Any CPU = Release|Any CPU
	EndGlobalSection
	GlobalSection(ProjectConfigurationPlatforms) = postSolution
		{D45FD45B-F2BB-44F3-84EB-ECAF5F251820}.Debug|Any CPU.ActiveCfg = Debug|Any CPU
		{D45FD45B-F2BB-44F3-84EB-ECAF5F251820}.Debug|Any CPU.Build.0 = Debug|Any CPU
		{D45FD45B-F2BB-44F3-84EB-ECAF5F251820}.Release|Any CPU.ActiveCfg = Release|Any CPU
		{D45FD45B-F2BB-44F3-84EB-ECAF5F251820}.Release|Any CPU.Build.0 = Release|Any CPU
	EndGlobalSection
	GlobalSection(SolutionProperties) = preSolution
		HideSolutionNode = FALSE
	EndGlobalSection
	GlobalSection(ExtensibilityGlobals) = postSolution
		SolutionGuid = {12FECBB2-C2F4-449C-81BA-A8C9056528C9}
	EndGlobalSection
EndGlobal
